{
	"requires": true,
	"lockfileVersion": 1,
	"dependencies": {
		"d3-color": {
			"version": "1.2.3",
			"resolved": "https://registry.npmjs.org/d3-color/-/d3-color-1.2.3.tgz",
			"integrity": "sha512-x37qq3ChOTLd26hnps36lexMRhNXEtVxZ4B25rL0DVdDsGQIJGB18S7y9XDwlDD6MD/ZBzITCf4JjGMM10TZkw=="
		},
		"d3-ease": {
			"version": "1.0.5",
			"resolved": "https://registry.npmjs.org/d3-ease/-/d3-ease-1.0.5.tgz",
			"integrity": "sha512-Ct1O//ly5y5lFM9YTdu+ygq7LleSgSE4oj7vUt9tPLHUi8VCV7QoizGpdWRWAwCO9LdYzIrQDg97+hGVdsSGPQ=="
		},
		"d3-interpolate": {
			"version": "1.3.2",
			"resolved": "https://registry.npmjs.org/d3-interpolate/-/d3-interpolate-1.3.2.tgz",
			"integrity": "sha512-NlNKGopqaz9qM1PXh9gBF1KSCVh+jSFErrSlD/4hybwoNX/gt1d8CDbDW+3i+5UOHhjC6s6nMvRxcuoMVNgL2w==",
			"requires": {
				"d3-color": "1.2.3"
			}
		},
		"d3-timer": {
			"version": "1.0.9",
			"resolved": "https://registry.npmjs.org/d3-timer/-/d3-timer-1.0.9.tgz",
			"integrity": "sha512-rT34J5HnQUHhcLvhSB9GjCkN0Ddd5Y8nCwDBG2u6wQEeYxT/Lf51fTFFkldeib/sE/J0clIe0pnCfs6g/lRbyg=="
		},
		"exenv": {
			"version": "1.2.2",
			"resolved": "https://registry.npmjs.org/exenv/-/exenv-1.2.2.tgz",
			"integrity": "sha1-KueOhdmJQVhnCwPUe+wfA72Ru50="
		},
		"js-tokens": {
			"version": "4.0.0",
			"resolved": "https://registry.npmjs.org/js-tokens/-/js-tokens-4.0.0.tgz",
			"integrity": "sha512-RdJUflcE3cUzKiMqQgsCu06FPu9UdIJO0beYbPhHN4k6apgJtifcoCtT9bcxOpYBtpD2kCM6Sbzg4CausW/PKQ=="
		},
		"loose-envify": {
			"version": "1.4.0",
			"resolved": "https://registry.npmjs.org/loose-envify/-/loose-envify-1.4.0.tgz",
			"integrity": "sha512-lyuxPGr/Wfhrlem2CL/UcnUc1zcqKAImBDzukY7Y5F/yQiNdko6+fRLevlw1HgMySw7f611UIY408EtxRSoK3Q==",
			"requires": {
				"js-tokens": "4.0.0"
			}
		},
		"nuka-carousel": {
			"version": "4.3.7",
			"resolved": "https://registry.npmjs.org/nuka-carousel/-/nuka-carousel-4.3.7.tgz",
			"integrity": "sha512-lfCkfpWlKu5HFNuCAL/5Y/xhOOki9Sqn1AOAwEfaQ3vMelkPmh2FpWuqKgGBA0/NZnaWsbVC4+qQixZHja1LMA==",
			"requires": {
				"d3-ease": "1.0.5",
				"exenv": "1.2.2",
				"prop-types": "15.6.2",
				"react-move": "2.8.0"
			}
		},
		"object-assign": {
			"version": "4.1.1",
			"resolved": "https://registry.npmjs.org/object-assign/-/object-assign-4.1.1.tgz",
			"integrity": "sha1-IQmtx5ZYh8/AXLvUQsrIv7s2CGM="
		},
		"prop-types": {
			"version": "15.6.2",
			"resolved": "https://registry.npmjs.org/prop-types/-/prop-types-15.6.2.tgz",
			"integrity": "sha512-3pboPvLiWD7dkI3qf3KbUe6hKFKa52w+AE0VCqECtf+QHAKgOL37tTaNCnuX1nAAQ4ZhyP+kYVKf8rLmJ/feDQ==",
			"requires": {
				"loose-envify": "1.4.0",
				"object-assign": "4.1.1"
			}
		},
		"react-move": {
			"version": "2.8.0",
			"resolved": "https://registry.npmjs.org/react-move/-/react-move-2.8.0.tgz",
			"integrity": "sha512-pqH9m6k0dOkEHRFQSJC7gK8sPABgY69h8BoriSxdv1SXYSWaOHWxUWgfeEaeQ76od32qKMFj+EztKGqtrcUGPg==",
			"requires": {
				"d3-interpolate": "1.3.2",
				"d3-timer": "1.0.9"
			}
		},
		"ruucm-util": {
			"version": "0.11.0",
			"resolved": "https://registry.npmjs.org/ruucm-util/-/ruucm-util-0.10.0.tgz",
			"integrity": "sha1-YkB0UePQYzLAf9Z/7A1bvFA1KOE="
		}
	}
}
